
Microsoft Visual Studio Solution File, Format Version 12.00
# Visual Studio Version 17
VisualStudioVersion = 17.7.34003.232
MinimumVisualStudioVersion = 10.0.40219.1
Project("{FAE04EC0-301F-11D3-BF4B-00C04F79EFBC}") = "InheritanceDemo", "InheritanceDemo\InheritanceDemo.csproj", "{90BFF998-18FA-46E8-88AF-9C1A700954CC}"
EndProject
Global
	GlobalSection(SolutionConfigurationPlatforms) = preSolution
		Debug|Any CPU = Debug|Any CPU
		Release|Any CPU = Release|Any CPU
	EndGlobalSection
	GlobalSection(ProjectConfigurationPlatforms) = postSolution
		{90BFF998-18FA-46E8-88AF-9C1A700954CC}.Debug|Any CPU.ActiveCfg = Debug|Any CPU
		{90BFF998-18FA-46E8-88AF-9C1A700954CC}.Debug|Any CPU.Build.0 = Debug|Any CPU
		{90BFF998-18FA-46E8-88AF-9C1A700954CC}.Release|Any CPU.ActiveCfg = Release|Any CPU
		{90BFF998-18FA-46E8-88AF-9C1A700954CC}.Release|Any CPU.Build.0 = Release|Any CPU
	EndGlobalSection
	GlobalSection(SolutionProperties) = preSolution
		HideSolutionNode = FALSE
	EndGlobalSection
	GlobalSection(ExtensibilityGlobals) = postSolution
		SolutionGuid = {B4E60742-E94D-4D4F-8D4E-EEF3EA78511F}
	EndGlobalSection
EndGlobal
